
Microsoft Visual Studio Solution File, Format Version 12.00
# Visual Studio Version 17
VisualStudioVersion = 17.11.35327.3
MinimumVisualStudioVersion = 10.0.40219.1
Project("{9A19103F-16F7-4668-BE54-9A1E7A4F7556}") = "ProjectManager", "ProjectManager\ProjectManager.csproj", "{74CCC9F0-6EDF-4534-9E98-DF07A70E8130}"
EndProject
Global
	GlobalSection(SolutionConfigurationPlatforms) = preSolution
		Debug|Any CPU = Debug|Any CPU
		Release|Any CPU = Release|Any CPU
	EndGlobalSection
	GlobalSection(ProjectConfigurationPlatforms) = postSolution
		{74CCC9F0-6EDF-4534-9E98-DF07A70E8130}.Debug|Any CPU.ActiveCfg = Debug|Any CPU
		{74CCC9F0-6EDF-4534-9E98-DF07A70E8130}.Debug|Any CPU.Build.0 = Debug|Any CPU
		{74CCC9F0-6EDF-4534-9E98-DF07A70E8130}.Release|Any CPU.ActiveCfg = Release|Any CPU
		{74CCC9F0-6EDF-4534-9E98-DF07A70E8130}.Release|Any CPU.Build.0 = Release|Any CPU
	EndGlobalSection
	GlobalSection(SolutionProperties) = preSolution
		HideSolutionNode = FALSE
	EndGlobalSection
	GlobalSection(ExtensibilityGlobals) = postSolution
		SolutionGuid = {208D54EA-0B71-4BD5-88AE-736FACB7F98F}
	EndGlobalSection
EndGlobal
